Microsoft Visual Studio Solution File, Format Version 11.00
# Visual Studio 2008

Project("{97C51054-C5ED-46D2-F886-41AC57FF6347}") = "MERGE", "Assembly-CSharp-firstpass-vs.csproj", "{C60F3849-8799-EC85-BA26-527E29AC02F7}"
EndProject
Project("{97C51054-C5ED-46D2-F886-41AC57FF6347}") = "MERGE", "Assembly-CSharp-vs.csproj", "{54EACE36-3D9E-82C1-F63A-C570CFD4032A}"
EndProject
Project("{97C51054-C5ED-46D2-F886-41AC57FF6347}") = "MERGE", "Assembly-CSharp-Editor-vs.csproj", "{5947E835-C555-2FA1-A65E-ECD168088BD5}"
EndProject
Global
	GlobalSection(SolutionConfigurationPlatforms) = preSolution
		Debug|Any CPU = Debug|Any CPU
		Release|Any CPU = Release|Any CPU
	EndGlobalSection
	GlobalSection(ProjectConfigurationPlatforms) = postSolution
		{C60F3849-8799-EC85-BA26-527E29AC02F7}.Debug|Any CPU.ActiveCfg = Debug|Any CPU
		{C60F3849-8799-EC85-BA26-527E29AC02F7}.Debug|Any CPU.Build.0 = Debug|Any CPU
		{C60F3849-8799-EC85-BA26-527E29AC02F7}.Release|Any CPU.ActiveCfg = Release|Any CPU
		{C60F3849-8799-EC85-BA26-527E29AC02F7}.Release|Any CPU.Build.0 = Release|Any CPU
		{54EACE36-3D9E-82C1-F63A-C570CFD4032A}.Debug|Any CPU.ActiveCfg = Debug|Any CPU
		{54EACE36-3D9E-82C1-F63A-C570CFD4032A}.Debug|Any CPU.Build.0 = Debug|Any CPU
		{54EACE36-3D9E-82C1-F63A-C570CFD4032A}.Release|Any CPU.ActiveCfg = Release|Any CPU
		{54EACE36-3D9E-82C1-F63A-C570CFD4032A}.Release|Any CPU.Build.0 = Release|Any CPU
		{5947E835-C555-2FA1-A65E-ECD168088BD5}.Debug|Any CPU.ActiveCfg = Debug|Any CPU
		{5947E835-C555-2FA1-A65E-ECD168088BD5}.Debug|Any CPU.Build.0 = Debug|Any CPU
		{5947E835-C555-2FA1-A65E-ECD168088BD5}.Release|Any CPU.ActiveCfg = Release|Any CPU
		{5947E835-C555-2FA1-A65E-ECD168088BD5}.Release|Any CPU.Build.0 = Release|Any CPU
	EndGlobalSection
	GlobalSection(SolutionProperties) = preSolution
		HideSolutionNode = FALSE
	EndGlobalSection
																							GlobalSection(MonoDevelopProperties) = preSolution
		StartupItem = Assembly-CSharp.csproj
		Policies = $0
		$0.TextStylePolicy = $1
		$1.inheritsSet = null
		$1.scope = text/x-csharp
		$0.CSharpFormattingPolicy = $2
		$2.inheritsSet = Mono
		$2.inheritsScope = text/x-csharp
		$2.scope = text/x-csharp
		$0.TextStylePolicy = $3
		$3.FileWidth = 120
		$3.TabWidth = 4
		$3.EolMarker = Unix
		$3.inheritsSet = Mono
		$3.inheritsScope = text/plain
		$3.scope = text/plain
	EndGlobalSection

EndGlobal
